
Microsoft Visual Studio Solution File, Format Version 12.00
# Visual Studio Version 17
VisualStudioVersion = 17.11.35222.181
MinimumVisualStudioVersion = 10.0.40219.1
Project("{FAE04EC0-301F-11D3-BF4B-00C04F79EFBC}") = "ProjetoPi", "ProjetoPi\ProjetoPi.csproj", "{74E130CF-981E-43FD-B613-F3B8D0EDC27D}"
EndProject
Global
	GlobalSection(SolutionConfigurationPlatforms) = preSolution
		Debug|Any CPU = Debug|Any CPU
		Release|Any CPU = Release|Any CPU
	EndGlobalSection
	GlobalSection(ProjectConfigurationPlatforms) = postSolution
		{74E130CF-981E-43FD-B613-F3B8D0EDC27D}.Debug|Any CPU.ActiveCfg = Debug|Any CPU
		{74E130CF-981E-43FD-B613-F3B8D0EDC27D}.Debug|Any CPU.Build.0 = Debug|Any CPU
		{74E130CF-981E-43FD-B613-F3B8D0EDC27D}.Release|Any CPU.ActiveCfg = Release|Any CPU
		{74E130CF-981E-43FD-B613-F3B8D0EDC27D}.Release|Any CPU.Build.0 = Release|Any CPU
	EndGlobalSection
	GlobalSection(SolutionProperties) = preSolution
		HideSolutionNode = FALSE
	EndGlobalSection
	GlobalSection(ExtensibilityGlobals) = postSolution
		SolutionGuid = {7EEE148A-7381-4DA8-8555-0EE30E0C23EA}
	EndGlobalSection
EndGlobal
